github.com/chzyer/logex v1.1.10 h1:Swpa1K6QvQznwJRcfTfQJmTE72DqScAa40E+fbHEXEE=
github.com/chzyer/logex v1.1.10/go.mod h1:+Ywpsq7O8HXn0nuIou7OrIPyXbp3wmkHB+jjWRnGsAI=
github.com/chzyer/readline v0.0.0-20180603132655-2972be24d48e h1:fY5BOSpyZCqRo5OhCuC+XN+r/bBCmeuuJtjz+bCNIf8=
github.com/chzyer/readline v0.0.0-20180603132655-2972be24d48e/go.mod h1:nSuG5e5PlCu98SY8svDHJxuZscDgtXS6KTTbou5AhLI=
github.com/chzyer/test v0.0.0-20180213035817-a1ea475d72b1 h1:q763qf9huN11kDQavWsoZXJNW3xEE4JJyHa5Q25/sd8=
github.com/chzyer/test v0.0.0-20180213035817-a1ea475d72b1/go.mod h1:Q3SI9o4m/ZMnBNeIyt5eFwwo7qiLfzFZmjNmxjkiQlU=
github.com/kirsle/configdir v0.0.0-20170128060238-e45d2f54772f h1:dKccXx7xA56UNqOcFIbuqFjAWPVtP688j5QMgmo6OHU=
github.com/kirsle/configdir v0.0.0-20170128060238-e45d2f54772f/go.mod h1:4rEELDSfUAlBSyUjPG0JnaNGjf13JySHFeRdD/3dLP0=
github.com/lspaccatrosi16/go-cli-tools v0.2.4 h1:J9xiZcDOsd9ENGsQP5lN2N1etoA59skL1+Phg3sGLa8=
github.com/lspaccatrosi16/go-cli-tools v0.2.4/go.mod h1:ppOT+F1t4THNKFcvLjED6tVHPZ2Opq4+yZv6aukjR98=
github.com/lspaccatrosi16/go-cli-tools v0.2.5 h1:kcc8oQphZnTuAqwXe+9HPz73jT15wa4TiEE/gLOZvw8=
github.com/lspaccatrosi16/go-cli-tools v0.2.5/go.mod h1:ppOT+F1t4THNKFcvLjED6tVHPZ2Opq4+yZv6aukjR98=
github.com/lspaccatrosi16/go-cli-tools v0.3.0 h1:3l1hyuSvz/ZwzCyn/FadSw4JiTh/vwAxJE18xtiawVo=
github.com/lspaccatrosi16/go-cli-tools v0.3.0/go.mod h1:ppOT+F1t4THNKFcvLjED6tVHPZ2Opq4+yZv6aukjR98=
github.com/lspaccatrosi16/go-cli-tools v0.3.1-0.20231026174813-866771876451 h1:XwcfxRU5AKHIgns3vfKUkscui/Vo42k+U7ObfRdjINE=
github.com/lspaccatrosi16/go-cli-tools v0.3.1-0.20231026174813-866771876451/go.mod h1:ppOT+F1t4THNKFcvLjED6tVHPZ2Opq4+yZv6aukjR98=
github.com/lspaccatrosi16/go-cli-tools v0.3.1-0.20231026175137-eb7b9781a4ac h1:b1QtzlbyYB4d2ghHbWsi7HNccyeSmAVR5gY6Jn+dz2I=
github.com/lspaccatrosi16/go-cli-tools v0.3.1-0.20231026175137-eb7b9781a4ac/go.mod h1:ppOT+F1t4THNKFcvLjED6tVHPZ2Opq4+yZv6aukjR98=
github.com/lspaccatrosi16/go-cli-tools v0.3.1-0.20231026180706-5d286d90654e h1:cr5+G/PhW06XZKZavGoBBfFJN4eLCxDNDWqotRcXWf4=
github.com/lspaccatrosi16/go-cli-tools v0.3.1-0.20231026180706-5d286d90654e/go.mod h1:ppOT+F1t4THNKFcvLjED6tVHPZ2Opq4+yZv6aukjR98=
github.com/lspaccatrosi16/go-cli-tools v0.3.1-0.20231026180853-f2cd10f6d332 h1:fPc1AsTznvl7QGYzhXtCy2DOLXfFa5lCFQxytJLrErI=
github.com/lspaccatrosi16/go-cli-tools v0.3.1-0.20231026180853-f2cd10f6d332/go.mod h1:ppOT+F1t4THNKFcvLjED6tVHPZ2Opq4+yZv6aukjR98=
github.com/lspaccatrosi16/go-cli-tools v0.3.1-0.20231026193308-6accda2ab430 h1:EMH5SENVq/wsp5vCUuijOkdcBmDKEzAIwSBbuYdyjMk=
github.com/lspaccatrosi16/go-cli-tools v0.3.1-0.20231026193308-6accda2ab430/go.mod h1:ppOT+F1t4THNKFcvLjED6tVHPZ2Opq4+yZv6aukjR98=
github.com/lspaccatrosi16/go-cli-tools v0.3.1-0.20231026193916-daa951c2a174 h1:y6zqfsWnYHbZXubITWvcWj3iy92/qnKmEihmwCoqiq4=
github.com/lspaccatrosi16/go-cli-tools v0.3.1-0.20231026193916-daa951c2a174/go.mod h1:ppOT+F1t4THNKFcvLjED6tVHPZ2Opq4+yZv6aukjR98=
github.com/lspaccatrosi16/go-cli-tools v0.3.1 h1:92Bn56Vdn7gxuJ691mTPzhQwtRn/kQ72uEkhBOzXFxc=
github.com/lspaccatrosi16/go-cli-tools v0.3.1/go.mod h1:ppOT+F1t4THNKFcvLjED6tVHPZ2Opq4+yZv6aukjR98=
github.com/lspaccatrosi16/go-cli-tools v0.3.2 h1:rgQW23fIIV1kvn9mvoaW+aggC7axm57tGcC3iPFs8WI=
github.com/lspaccatrosi16/go-cli-tools v0.3.2/go.mod h1:ppOT+F1t4THNKFcvLjED6tVHPZ2Opq4+yZv6aukjR98=
github.com/lspaccatrosi16/go-cli-tools v0.3.3-0.20231027082020-fb310c55d387 h1:dt7PSXlzxxGyoeZa7wQaSOO1fgjl1q7d7MXF9n1tO3E=
github.com/lspaccatrosi16/go-cli-tools v0.3.3-0.20231027082020-fb310c55d387/go.mod h1:ppOT+F1t4THNKFcvLjED6tVHPZ2Opq4+yZv6aukjR98=
github.com/lspaccatrosi16/go-cli-tools v0.3.4 h1:kCQZAtUlxlD3OJdDBiuqxgyc7g7rMtF1aoTBA50HjM0=
github.com/lspaccatrosi16/go-cli-tools v0.3.4/go.mod h1:ppOT+F1t4THNKFcvLjED6tVHPZ2Opq4+yZv6aukjR98=
github.com/manifoldco/promptui v0.9.0 h1:3V4HzJk1TtXW1MTZMP7mdlwbBpIinw3HztaIlYthEiA=
github.com/manifoldco/promptui v0.9.0/go.mod h1:ka04sppxSGFAtxX0qhlYQjISsg9mR4GWtQEhdbn6Pgg=
golang.org/x/sys v0.0.0-20181122145206-62eef0e2fa9b/go.mod h1:STP8DvDyc/dI5b8T5hshtkjS+E42TnysNCUPdjciGhY=
golang.org/x/sys v0.13.0 h1:Af8nKPmuFypiUBjVoU9V20FiaFXOcuZI21p0ycVYYGE=
golang.org/x/sys v0.13.0/go.mod h1:oPkhp1MJrh7nUepCBck5+mAzfO9JrbApNNgaTdGDITg=
